
Microsoft Visual Studio Solution File, Format Version 12.00
# Visual Studio Version 17
VisualStudioVersion = 17.11.35431.28
MinimumVisualStudioVersion = 10.0.40219.1
Project("{FAE04EC0-301F-11D3-BF4B-00C04F79EFBC}") = "calculator", "calculator\calculator.csproj", "{16A8334C-8194-4249-9F2C-CC7C472C3480}"
EndProject
Global
	GlobalSection(SolutionConfigurationPlatforms) = preSolution
		Debug|Any CPU = Debug|Any CPU
		Release|Any CPU = Release|Any CPU
	EndGlobalSection
	GlobalSection(ProjectConfigurationPlatforms) = postSolution
		{16A8334C-8194-4249-9F2C-CC7C472C3480}.Debug|Any CPU.ActiveCfg = Debug|Any CPU
		{16A8334C-8194-4249-9F2C-CC7C472C3480}.Debug|Any CPU.Build.0 = Debug|Any CPU
		{16A8334C-8194-4249-9F2C-CC7C472C3480}.Release|Any CPU.ActiveCfg = Release|Any CPU
		{16A8334C-8194-4249-9F2C-CC7C472C3480}.Release|Any CPU.Build.0 = Release|Any CPU
	EndGlobalSection
	GlobalSection(SolutionProperties) = preSolution
		HideSolutionNode = FALSE
	EndGlobalSection
	GlobalSection(ExtensibilityGlobals) = postSolution
		SolutionGuid = {1AD0C636-9B2E-477D-97A9-15B838A7ED57}
	EndGlobalSection
EndGlobal
